
Microsoft Visual Studio Solution File, Format Version 12.00
# Visual Studio Version 16
VisualStudioVersion = 16.0.30011.22
MinimumVisualStudioVersion = 10.0.40219.1
Project("{9A19103F-16F7-4668-BE54-9A1E7A4F7556}") = "ProjectBranchSelector", "ProjectBranchSelector\ProjectBranchSelector.csproj", "{B44FA13E-EC48-49F9-95D4-7A87CE38E651}"
EndProject
Project("{9A19103F-16F7-4668-BE54-9A1E7A4F7556}") = "Db", "Db\Db.csproj", "{5FC34157-E5B6-4DE5-898A-74CAB9D3A0D1}"
EndProject
Project("{9A19103F-16F7-4668-BE54-9A1E7A4F7556}") = "Service", "Service\Service.csproj", "{93BFEA18-2E88-45F4-B4A9-C3768E1EE6AE}"
EndProject
Project("{9A19103F-16F7-4668-BE54-9A1E7A4F7556}") = "Deploy", "Deploy\Deploy.csproj", "{CE6296D7-88E4-4B3B-A133-90AAC72CCE4B}"
EndProject
Project("{FAE04EC0-301F-11D3-BF4B-00C04F79EFBC}") = "DesktopApp", "DesktopApp\DesktopApp.csproj", "{D35B05B4-3D34-4C91-A1D4-07355558F9A5}"
EndProject
Project("{9A19103F-16F7-4668-BE54-9A1E7A4F7556}") = "BSHttpClient", "BSHttpClient\BSHttpClient.csproj", "{DC60F677-D384-4886-963D-06E97B093A9C}"
EndProject
Project("{9A19103F-16F7-4668-BE54-9A1E7A4F7556}") = "Common", "Common\Common.csproj", "{08083892-04D3-4A17-8CCD-35F67DEBAB2A}"
EndProject
Project("{9A19103F-16F7-4668-BE54-9A1E7A4F7556}") = "WebClientTests", "WebClientTests\WebClientTests.csproj", "{B871E3A4-F413-4B71-86BB-581DA687C7A5}"
EndProject
Project("{9A19103F-16F7-4668-BE54-9A1E7A4F7556}") = "CommonContract", "CommonContract\CommonContract.csproj", "{D714876A-CD0D-49B8-9DFC-9F25BD13FD95}"
EndProject
Project("{9A19103F-16F7-4668-BE54-9A1E7A4F7556}") = "DbClient", "DbClient\DbClient.csproj", "{3F1F312B-5CE4-4C2F-984C-3069E039E235}"
EndProject
Project("{FAE04EC0-301F-11D3-BF4B-00C04F79EFBC}") = "FormulaCalc", "FormulaCalc\FormulaCalc.csproj", "{D3F5CB20-BAF0-4201-8B81-ED76C7C4E7BB}"
EndProject
Project("{FAE04EC0-301F-11D3-BF4B-00C04F79EFBC}") = "DataServiceUnitTests", "DataServiceUnitTests\DataServiceUnitTests.csproj", "{9E129984-A553-4986-874D-EEA08FAF9D81}"
EndProject
Global
	GlobalSection(SolutionConfigurationPlatforms) = preSolution
		Debug|Any CPU = Debug|Any CPU
		Release|Any CPU = Release|Any CPU
	EndGlobalSection
	GlobalSection(ProjectConfigurationPlatforms) = postSolution
		{B44FA13E-EC48-49F9-95D4-7A87CE38E651}.Debug|Any CPU.ActiveCfg = Debug|Any CPU
		{B44FA13E-EC48-49F9-95D4-7A87CE38E651}.Debug|Any CPU.Build.0 = Debug|Any CPU
		{B44FA13E-EC48-49F9-95D4-7A87CE38E651}.Release|Any CPU.ActiveCfg = Release|Any CPU
		{B44FA13E-EC48-49F9-95D4-7A87CE38E651}.Release|Any CPU.Build.0 = Release|Any CPU
		{5FC34157-E5B6-4DE5-898A-74CAB9D3A0D1}.Debug|Any CPU.ActiveCfg = Debug|Any CPU
		{5FC34157-E5B6-4DE5-898A-74CAB9D3A0D1}.Debug|Any CPU.Build.0 = Debug|Any CPU
		{5FC34157-E5B6-4DE5-898A-74CAB9D3A0D1}.Release|Any CPU.ActiveCfg = Release|Any CPU
		{5FC34157-E5B6-4DE5-898A-74CAB9D3A0D1}.Release|Any CPU.Build.0 = Release|Any CPU
		{93BFEA18-2E88-45F4-B4A9-C3768E1EE6AE}.Debug|Any CPU.ActiveCfg = Debug|Any CPU
		{93BFEA18-2E88-45F4-B4A9-C3768E1EE6AE}.Debug|Any CPU.Build.0 = Debug|Any CPU
		{93BFEA18-2E88-45F4-B4A9-C3768E1EE6AE}.Release|Any CPU.ActiveCfg = Release|Any CPU
		{93BFEA18-2E88-45F4-B4A9-C3768E1EE6AE}.Release|Any CPU.Build.0 = Release|Any CPU
		{CE6296D7-88E4-4B3B-A133-90AAC72CCE4B}.Debug|Any CPU.ActiveCfg = Debug|Any CPU
		{CE6296D7-88E4-4B3B-A133-90AAC72CCE4B}.Debug|Any CPU.Build.0 = Debug|Any CPU
		{CE6296D7-88E4-4B3B-A133-90AAC72CCE4B}.Release|Any CPU.ActiveCfg = Release|Any CPU
		{CE6296D7-88E4-4B3B-A133-90AAC72CCE4B}.Release|Any CPU.Build.0 = Release|Any CPU
		{D35B05B4-3D34-4C91-A1D4-07355558F9A5}.Debug|Any CPU.ActiveCfg = Debug|Any CPU
		{D35B05B4-3D34-4C91-A1D4-07355558F9A5}.Debug|Any CPU.Build.0 = Debug|Any CPU
		{D35B05B4-3D34-4C91-A1D4-07355558F9A5}.Release|Any CPU.ActiveCfg = Release|Any CPU
		{D35B05B4-3D34-4C91-A1D4-07355558F9A5}.Release|Any CPU.Build.0 = Release|Any CPU
		{DC60F677-D384-4886-963D-06E97B093A9C}.Debug|Any CPU.ActiveCfg = Debug|Any CPU
		{DC60F677-D384-4886-963D-06E97B093A9C}.Debug|Any CPU.Build.0 = Debug|Any CPU
		{DC60F677-D384-4886-963D-06E97B093A9C}.Release|Any CPU.ActiveCfg = Release|Any CPU
		{DC60F677-D384-4886-963D-06E97B093A9C}.Release|Any CPU.Build.0 = Release|Any CPU
		{08083892-04D3-4A17-8CCD-35F67DEBAB2A}.Debug|Any CPU.ActiveCfg = Debug|Any CPU
		{08083892-04D3-4A17-8CCD-35F67DEBAB2A}.Debug|Any CPU.Build.0 = Debug|Any CPU
		{08083892-04D3-4A17-8CCD-35F67DEBAB2A}.Release|Any CPU.ActiveCfg = Release|Any CPU
		{08083892-04D3-4A17-8CCD-35F67DEBAB2A}.Release|Any CPU.Build.0 = Release|Any CPU
		{B871E3A4-F413-4B71-86BB-581DA687C7A5}.Debug|Any CPU.ActiveCfg = Debug|Any CPU
		{B871E3A4-F413-4B71-86BB-581DA687C7A5}.Debug|Any CPU.Build.0 = Debug|Any CPU
		{B871E3A4-F413-4B71-86BB-581DA687C7A5}.Release|Any CPU.ActiveCfg = Release|Any CPU
		{B871E3A4-F413-4B71-86BB-581DA687C7A5}.Release|Any CPU.Build.0 = Release|Any CPU
		{D714876A-CD0D-49B8-9DFC-9F25BD13FD95}.Debug|Any CPU.ActiveCfg = Debug|Any CPU
		{D714876A-CD0D-49B8-9DFC-9F25BD13FD95}.Debug|Any CPU.Build.0 = Debug|Any CPU
		{D714876A-CD0D-49B8-9DFC-9F25BD13FD95}.Release|Any CPU.ActiveCfg = Release|Any CPU
		{D714876A-CD0D-49B8-9DFC-9F25BD13FD95}.Release|Any CPU.Build.0 = Release|Any CPU
		{3F1F312B-5CE4-4C2F-984C-3069E039E235}.Debug|Any CPU.ActiveCfg = Debug|Any CPU
		{3F1F312B-5CE4-4C2F-984C-3069E039E235}.Debug|Any CPU.Build.0 = Debug|Any CPU
		{3F1F312B-5CE4-4C2F-984C-3069E039E235}.Release|Any CPU.ActiveCfg = Release|Any CPU
		{3F1F312B-5CE4-4C2F-984C-3069E039E235}.Release|Any CPU.Build.0 = Release|Any CPU
		{D3F5CB20-BAF0-4201-8B81-ED76C7C4E7BB}.Debug|Any CPU.ActiveCfg = Debug|Any CPU
		{D3F5CB20-BAF0-4201-8B81-ED76C7C4E7BB}.Debug|Any CPU.Build.0 = Debug|Any CPU
		{D3F5CB20-BAF0-4201-8B81-ED76C7C4E7BB}.Release|Any CPU.ActiveCfg = Release|Any CPU
		{D3F5CB20-BAF0-4201-8B81-ED76C7C4E7BB}.Release|Any CPU.Build.0 = Release|Any CPU
		{9E129984-A553-4986-874D-EEA08FAF9D81}.Debug|Any CPU.ActiveCfg = Debug|Any CPU
		{9E129984-A553-4986-874D-EEA08FAF9D81}.Debug|Any CPU.Build.0 = Debug|Any CPU
		{9E129984-A553-4986-874D-EEA08FAF9D81}.Release|Any CPU.ActiveCfg = Release|Any CPU
		{9E129984-A553-4986-874D-EEA08FAF9D81}.Release|Any CPU.Build.0 = Release|Any CPU
	EndGlobalSection
	GlobalSection(SolutionProperties) = preSolution
		HideSolutionNode = FALSE
	EndGlobalSection
	GlobalSection(ExtensibilityGlobals) = postSolution
		SolutionGuid = {41FD2E12-2D2C-41AC-B927-1399FE4920E3}
	EndGlobalSection
EndGlobal
